
Microsoft Visual Studio Solution File, Format Version 12.00
# Visual Studio Version 16
VisualStudioVersion = 16.0.31702.278
MinimumVisualStudioVersion = 10.0.40219.1
Project("{FAE04EC0-301F-11D3-BF4B-00C04F79EFBC}") = "BOOKGADERv0.0.1", "BOOKGADERv0.0.1\BOOKGADERv0.0.1.csproj", "{B67D3991-07A9-4BE8-91CC-99E7352D2955}"
EndProject
Global
	GlobalSection(SolutionConfigurationPlatforms) = preSolution
		Debug|Any CPU = Debug|Any CPU
		Release|Any CPU = Release|Any CPU
	EndGlobalSection
	GlobalSection(ProjectConfigurationPlatforms) = postSolution
		{B67D3991-07A9-4BE8-91CC-99E7352D2955}.Debug|Any CPU.ActiveCfg = Debug|Any CPU
		{B67D3991-07A9-4BE8-91CC-99E7352D2955}.Debug|Any CPU.Build.0 = Debug|Any CPU
		{B67D3991-07A9-4BE8-91CC-99E7352D2955}.Release|Any CPU.ActiveCfg = Release|Any CPU
		{B67D3991-07A9-4BE8-91CC-99E7352D2955}.Release|Any CPU.Build.0 = Release|Any CPU
	EndGlobalSection
	GlobalSection(SolutionProperties) = preSolution
		HideSolutionNode = FALSE
	EndGlobalSection
	GlobalSection(ExtensibilityGlobals) = postSolution
		SolutionGuid = {F0C964A9-A601-494A-B3E4-CE0A2D48BF90}
	EndGlobalSection
EndGlobal
